
Microsoft Visual Studio Solution File, Format Version 12.00
# Visual Studio Version 17
VisualStudioVersion = 17.9.34701.34
MinimumVisualStudioVersion = 10.0.40219.1
Project("{9A19103F-16F7-4668-BE54-9A1E7A4F7556}") = "LogicaNegocio", "LogicaNegocio\LogicaNegocio.csproj", "{A20A411D-A50B-45DF-B935-F7638E7AAEF7}"
EndProject
Project("{9A19103F-16F7-4668-BE54-9A1E7A4F7556}") = "LogicaAccesoDatos", "LogicaAccesoDatos\LogicaAccesoDatos.csproj", "{94CA8B9E-069F-4A3E-9711-AD8E4CF7980F}"
EndProject
Project("{9A19103F-16F7-4668-BE54-9A1E7A4F7556}") = "LogicaAplicacion", "LogicaAplicacion\LogicaAplicacion.csproj", "{CC42DA80-4BB4-40AB-8465-B2DCBDDC5BC1}"
EndProject
Project("{9A19103F-16F7-4668-BE54-9A1E7A4F7556}") = "Compartido", "Compartido\Compartido.csproj", "{C8D1DE4E-F3DA-44DD-88D4-22CB0998CB07}"
EndProject
Project("{9A19103F-16F7-4668-BE54-9A1E7A4F7556}") = "MVC", "MVC\MVC.csproj", "{19ED7CD8-0FBF-47EE-9F3D-BE7ECF9B4A79}"
EndProject
Project("{FAE04EC0-301F-11D3-BF4B-00C04F79EFBC}") = "WebApi", "WebApi\WebApi.csproj", "{B4FD4D63-ABA8-42E7-91FA-2EE9D2928372}"
EndProject
Global
	GlobalSection(SolutionConfigurationPlatforms) = preSolution
		Debug|Any CPU = Debug|Any CPU
		Release|Any CPU = Release|Any CPU
	EndGlobalSection
	GlobalSection(ProjectConfigurationPlatforms) = postSolution
		{A20A411D-A50B-45DF-B935-F7638E7AAEF7}.Debug|Any CPU.ActiveCfg = Debug|Any CPU
		{A20A411D-A50B-45DF-B935-F7638E7AAEF7}.Debug|Any CPU.Build.0 = Debug|Any CPU
		{A20A411D-A50B-45DF-B935-F7638E7AAEF7}.Release|Any CPU.ActiveCfg = Release|Any CPU
		{A20A411D-A50B-45DF-B935-F7638E7AAEF7}.Release|Any CPU.Build.0 = Release|Any CPU
		{94CA8B9E-069F-4A3E-9711-AD8E4CF7980F}.Debug|Any CPU.ActiveCfg = Debug|Any CPU
		{94CA8B9E-069F-4A3E-9711-AD8E4CF7980F}.Debug|Any CPU.Build.0 = Debug|Any CPU
		{94CA8B9E-069F-4A3E-9711-AD8E4CF7980F}.Release|Any CPU.ActiveCfg = Release|Any CPU
		{94CA8B9E-069F-4A3E-9711-AD8E4CF7980F}.Release|Any CPU.Build.0 = Release|Any CPU
		{CC42DA80-4BB4-40AB-8465-B2DCBDDC5BC1}.Debug|Any CPU.ActiveCfg = Debug|Any CPU
		{CC42DA80-4BB4-40AB-8465-B2DCBDDC5BC1}.Debug|Any CPU.Build.0 = Debug|Any CPU
		{CC42DA80-4BB4-40AB-8465-B2DCBDDC5BC1}.Release|Any CPU.ActiveCfg = Release|Any CPU
		{CC42DA80-4BB4-40AB-8465-B2DCBDDC5BC1}.Release|Any CPU.Build.0 = Release|Any CPU
		{C8D1DE4E-F3DA-44DD-88D4-22CB0998CB07}.Debug|Any CPU.ActiveCfg = Debug|Any CPU
		{C8D1DE4E-F3DA-44DD-88D4-22CB0998CB07}.Debug|Any CPU.Build.0 = Debug|Any CPU
		{C8D1DE4E-F3DA-44DD-88D4-22CB0998CB07}.Release|Any CPU.ActiveCfg = Release|Any CPU
		{C8D1DE4E-F3DA-44DD-88D4-22CB0998CB07}.Release|Any CPU.Build.0 = Release|Any CPU
		{19ED7CD8-0FBF-47EE-9F3D-BE7ECF9B4A79}.Debug|Any CPU.ActiveCfg = Debug|Any CPU
		{19ED7CD8-0FBF-47EE-9F3D-BE7ECF9B4A79}.Debug|Any CPU.Build.0 = Debug|Any CPU
		{19ED7CD8-0FBF-47EE-9F3D-BE7ECF9B4A79}.Release|Any CPU.ActiveCfg = Release|Any CPU
		{19ED7CD8-0FBF-47EE-9F3D-BE7ECF9B4A79}.Release|Any CPU.Build.0 = Release|Any CPU
		{B4FD4D63-ABA8-42E7-91FA-2EE9D2928372}.Debug|Any CPU.ActiveCfg = Debug|Any CPU
		{B4FD4D63-ABA8-42E7-91FA-2EE9D2928372}.Debug|Any CPU.Build.0 = Debug|Any CPU
		{B4FD4D63-ABA8-42E7-91FA-2EE9D2928372}.Release|Any CPU.ActiveCfg = Release|Any CPU
		{B4FD4D63-ABA8-42E7-91FA-2EE9D2928372}.Release|Any CPU.Build.0 = Release|Any CPU
	EndGlobalSection
	GlobalSection(SolutionProperties) = preSolution
		HideSolutionNode = FALSE
	EndGlobalSection
	GlobalSection(ExtensibilityGlobals) = postSolution
		SolutionGuid = {CB76D855-6900-4B02-84E3-40B1351DF140}
	EndGlobalSection
EndGlobal
